
Microsoft Visual Studio Solution File, Format Version 12.00
# Visual Studio Version 17
VisualStudioVersion = 17.0.31903.59
MinimumVisualStudioVersion = 10.0.40219.1
Project("{FAE04EC0-301F-11D3-BF4B-00C04F79EFBC}") = "Blue-Pilot.Api", "Blue-Pilot.Api\Blue-Pilot.Api.csproj", "{927A7CDE-893D-4B95-94FB-43FAFF9892A6}"
EndProject
Project("{FAE04EC0-301F-11D3-BF4B-00C04F79EFBC}") = "Blue-Pilot.Domain", "Blue-Pilot.Domain\Blue-Pilot.Domain.csproj", "{C4385930-4BA0-4183-9F53-0BA6C219D2E4}"
EndProject
Project("{FAE04EC0-301F-11D3-BF4B-00C04F79EFBC}") = "BLUE-PILOT.Data", "BLUE-PILOT.Data\BLUE-PILOT.Data.csproj", "{C9A06B4B-81FE-4BAD-AA20-855433F52804}"
EndProject
Project("{2150E333-8FDC-42A3-9474-1A3956D46DE8}") = "tests", "tests", "{3D18809A-9D0F-489A-8D45-4CC4C1831CA9}"
EndProject
Project("{FAE04EC0-301F-11D3-BF4B-00C04F79EFBC}") = "Blue-Pilot.Domain.Tests", "tests\Blue-Pilot.Domain.Tests\Blue-Pilot.Domain.Tests.csproj", "{820D8063-5266-48A6-9C9A-A399DFDCE15F}"
EndProject
Global
	GlobalSection(SolutionConfigurationPlatforms) = preSolution
		Debug|Any CPU = Debug|Any CPU
		Release|Any CPU = Release|Any CPU
	EndGlobalSection
	GlobalSection(SolutionProperties) = preSolution
		HideSolutionNode = FALSE
	EndGlobalSection
	GlobalSection(ProjectConfigurationPlatforms) = postSolution
		{927A7CDE-893D-4B95-94FB-43FAFF9892A6}.Debug|Any CPU.ActiveCfg = Debug|Any CPU
		{927A7CDE-893D-4B95-94FB-43FAFF9892A6}.Debug|Any CPU.Build.0 = Debug|Any CPU
		{927A7CDE-893D-4B95-94FB-43FAFF9892A6}.Release|Any CPU.ActiveCfg = Release|Any CPU
		{927A7CDE-893D-4B95-94FB-43FAFF9892A6}.Release|Any CPU.Build.0 = Release|Any CPU
		{C4385930-4BA0-4183-9F53-0BA6C219D2E4}.Debug|Any CPU.ActiveCfg = Debug|Any CPU
		{C4385930-4BA0-4183-9F53-0BA6C219D2E4}.Debug|Any CPU.Build.0 = Debug|Any CPU
		{C4385930-4BA0-4183-9F53-0BA6C219D2E4}.Release|Any CPU.ActiveCfg = Release|Any CPU
		{C4385930-4BA0-4183-9F53-0BA6C219D2E4}.Release|Any CPU.Build.0 = Release|Any CPU
		{C9A06B4B-81FE-4BAD-AA20-855433F52804}.Debug|Any CPU.ActiveCfg = Debug|Any CPU
		{C9A06B4B-81FE-4BAD-AA20-855433F52804}.Debug|Any CPU.Build.0 = Debug|Any CPU
		{C9A06B4B-81FE-4BAD-AA20-855433F52804}.Release|Any CPU.ActiveCfg = Release|Any CPU
		{C9A06B4B-81FE-4BAD-AA20-855433F52804}.Release|Any CPU.Build.0 = Release|Any CPU
		{820D8063-5266-48A6-9C9A-A399DFDCE15F}.Debug|Any CPU.ActiveCfg = Debug|Any CPU
		{820D8063-5266-48A6-9C9A-A399DFDCE15F}.Debug|Any CPU.Build.0 = Debug|Any CPU
		{820D8063-5266-48A6-9C9A-A399DFDCE15F}.Release|Any CPU.ActiveCfg = Release|Any CPU
		{820D8063-5266-48A6-9C9A-A399DFDCE15F}.Release|Any CPU.Build.0 = Release|Any CPU
	EndGlobalSection
	GlobalSection(NestedProjects) = preSolution
		{820D8063-5266-48A6-9C9A-A399DFDCE15F} = {3D18809A-9D0F-489A-8D45-4CC4C1831CA9}
	EndGlobalSection
EndGlobal
